// !$*UTF8*$!
{
	archiveVersion = 1;
	classes = {
	};
	objectVersion = 46;
	objects = {

/* Begin PBXBuildFile section */
		3553D494191A735C0024CA89 /* Foundation.framework in Frameworks */ = {isa = PBXBuildFile; fileRef = 3553D493191A735C0024CA89 /* Foundation.framework */; };
		3553D496191A735C0024CA89 /* CoreGraphics.framework in Frameworks */ = {isa = PBXBuildFile; fileRef = 3553D495191A735C0024CA89 /* CoreGraphics.framework */; };
		3553D498191A735C0024CA89 /* UIKit.framework in Frameworks */ = {isa = PBXBuildFile; fileRef = 3553D497191A735C0024CA89 /* UIKit.framework */; };
		3553D49E191A735C0024CA89 /* InfoPlist.strings in Resources */ = {isa = PBXBuildFile; fileRef = 3553D49C191A735C0024CA89 /* InfoPlist.strings */; };
		3553D4A0191A735C0024CA89 /* main.m in Sources */ = {isa = PBXBuildFile; fileRef = 3553D49F191A735C0024CA89 /* main.m */; };
		3553D4A4191A735C0024CA89 /* AppDelegate.m in Sources */ = {isa = PBXBuildFile; fileRef = 3553D4A3191A735C0024CA89 /* AppDelegate.m */; };
		3553D4A7191A735C0024CA89 /* Main.storyboard in Resources */ = {isa = PBXBuildFile; fileRef = 3553D4A5191A735C0024CA89 /* Main.storyboard */; };
		3553D4AA191A735C0024CA89 /* LoginViewController.m in Sources */ = {isa = PBXBuildFile; fileRef = 3553D4A9191A735C0024CA89 /* LoginViewController.m */; };
		3553D4AD191A735C0024CA89 /* SecondViewController.m in Sources */ = {isa = PBXBuildFile; fileRef = 3553D4AC191A735C0024CA89 /* SecondViewController.m */; };
		3553D4AF191A735C0024CA89 /* Images.xcassets in Resources */ = {isa = PBXBuildFile; fileRef = 3553D4AE191A735C0024CA89 /* Images.xcassets */; };
		3553D4B6191A735C0024CA89 /* XCTest.framework in Frameworks */ = {isa = PBXBuildFile; fileRef = 3553D4B5191A735C0024CA89 /* XCTest.framework */; };
		3553D4B7191A735C0024CA89 /* Foundation.framework in Frameworks */ = {isa = PBXBuildFile; fileRef = 3553D493191A735C0024CA89 /* Foundation.framework */; };
		3553D4B8191A735C0024CA89 /* UIKit.framework in Frameworks */ = {isa = PBXBuildFile; fileRef = 3553D497191A735C0024CA89 /* UIKit.framework */; };
		3553D4C0191A735C0024CA89 /* InfoPlist.strings in Resources */ = {isa = PBXBuildFile; fileRef = 3553D4BE191A735C0024CA89 /* InfoPlist.strings */; };
		3553D4C2191A735C0024CA89 /* MCP_A03Tests.m in Sources */ = {isa = PBXBuildFile; fileRef = 3553D4C1191A735C0024CA89 /* MCP_A03Tests.m */; };
		3553D4CF191A7C410024CA89 /* L2PConnector.m in Sources */ = {isa = PBXBuildFile; fileRef = 3553D4CE191A7C410024CA89 /* L2PConnector.m */; };
		3553D4D1191A862E0024CA89 /* L2PConfig.plist in Resources */ = {isa = PBXBuildFile; fileRef = 3553D4D0191A862E0024CA89 /* L2PConfig.plist */; };
/* End PBXBuildFile section */

/* Begin PBXContainerItemProxy section */
		3553D4B9191A735C0024CA89 /* PBXContainerItemProxy */ = {
			isa = PBXContainerItemProxy;
			containerPortal = 3553D488191A735C0024CA89 /* Project object */;
			proxyType = 1;
			remoteGlobalIDString = 3553D48F191A735C0024CA89;
			remoteInfo = "MCP-A03";
		};
/* End PBXContainerItemProxy section */

/* Begin PBXFileReference section */
		3553D490191A735C0024CA89 /* MCP-A03.app */ = {isa = PBXFileReference; explicitFileType = wrapper.application; includeInIndex = 0; path = "MCP-A03.app"; sourceTree = BUILT_PRODUCTS_DIR; };
		3553D493191A735C0024CA89 /* Foundation.framework */ = {isa = PBXFileReference; lastKnownFileType = wrapper.framework; name = Foundation.framework; path = System/Library/Frameworks/Foundation.framework; sourceTree = SDKROOT; };
		3553D495191A735C0024CA89 /* CoreGraphics.framework */ = {isa = PBXFileReference; lastKnownFileType = wrapper.framework; name = CoreGraphics.framework; path = System/Library/Frameworks/CoreGraphics.framework; sourceTree = SDKROOT; };
		3553D497191A735C0024CA89 /* UIKit.framework */ = {isa = PBXFileReference; lastKnownFileType = wrapper.framework; name = UIKit.framework; path = System/Library/Frameworks/UIKit.framework; sourceTree = SDKROOT; };
		3553D49B191A735C0024CA89 /* MCP-A03-Info.plist */ = {isa = PBXFileReference; lastKnownFileType = text.plist.xml; path = "MCP-A03-Info.plist"; sourceTree = "<group>"; };
		3553D49D191A735C0024CA89 /* en */ = {isa = PBXFileReference; lastKnownFileType = text.plist.strings; name = en; path = en.lproj/InfoPlist.strings; sourceTree = "<group>"; };
		3553D49F191A735C0024CA89 /* main.m */ = {isa = PBXFileReference; lastKnownFileType = sourcecode.c.objc; path = main.m; sourceTree = "<group>"; };
		3553D4A1191A735C0024CA89 /* MCP-A03-Prefix.pch */ = {isa = PBXFileReference; lastKnownFileType = sourcecode.c.h; path = "MCP-A03-Prefix.pch"; sourceTree = "<group>"; };
		3553D4A2191A735C0024CA89 /* AppDelegate.h */ = {isa = PBXFileReference; lastKnownFileType = sourcecode.c.h; path = AppDelegate.h; sourceTree = "<group>"; };
		3553D4A3191A735C0024CA89 /* AppDelegate.m */ = {isa = PBXFileReference; lastKnownFileType = sourcecode.c.objc; path = AppDelegate.m; sourceTree = "<group>"; };
		3553D4A6191A735C0024CA89 /* Base */ = {isa = PBXFileReference; lastKnownFileType = file.storyboard; name = Base; path = Base.lproj/Main.storyboard; sourceTree = "<group>"; };
		3553D4A8191A735C0024CA89 /* LoginViewController.h */ = {isa = PBXFileReference; lastKnownFileType = sourcecode.c.h; path = LoginViewController.h; sourceTree = "<group>"; };
		3553D4A9191A735C0024CA89 /* LoginViewController.m */ = {isa = PBXFileReference; lastKnownFileType = sourcecode.c.objc; path = LoginViewController.m; sourceTree = "<group>"; };
		3553D4AB191A735C0024CA89 /* SecondViewController.h */ = {isa = PBXFileReference; lastKnownFileType = sourcecode.c.h; path = SecondViewController.h; sourceTree = "<group>"; };
		3553D4AC191A735C0024CA89 /* SecondViewController.m */ = {isa = PBXFileReference; lastKnownFileType = sourcecode.c.objc; path = SecondViewController.m; sourceTree = "<group>"; };
		3553D4AE191A735C0024CA89 /* Images.xcassets */ = {isa = PBXFileReference; lastKnownFileType = folder.assetcatalog; path = Images.xcassets; sourceTree = "<group>"; };
		3553D4B4191A735C0024CA89 /* MCP-A03Tests.xctest */ = {isa = PBXFileReference; explicitFileType = wrapper.cfbundle; includeInIndex = 0; path = "MCP-A03Tests.xctest"; sourceTree = BUILT_PRODUCTS_DIR; };
		3553D4B5191A735C0024CA89 /* XCTest.framework */ = {isa = PBXFileReference; lastKnownFileType = wrapper.framework; name = XCTest.framework; path = Library/Frameworks/XCTest.framework; sourceTree = DEVELOPER_DIR; };
		3553D4BD191A735C0024CA89 /* MCP-A03Tests-Info.plist */ = {isa = PBXFileReference; lastKnownFileType = text.plist.xml; path = "MCP-A03Tests-Info.plist"; sourceTree = "<group>"; };
		3553D4BF191A735C0024CA89 /* en */ = {isa = PBXFileReference; lastKnownFileType = text.plist.strings; name = en; path = en.lproj/InfoPlist.strings; sourceTree = "<group>"; };
		3553D4C1191A735C0024CA89 /* MCP_A03Tests.m */ = {isa = PBXFileReference; lastKnownFileType = sourcecode.c.objc; path = MCP_A03Tests.m; sourceTree = "<group>"; };
		3553D4CD191A7C410024CA89 /* L2PConnector.h */ = {isa = PBXFileReference; fileEncoding = 4; lastKnownFileType = sourcecode.c.h; path = L2PConnector.h; sourceTree = "<group>"; };
		3553D4CE191A7C410024CA89 /* L2PConnector.m */ = {isa = PBXFileReference; fileEncoding = 4; lastKnownFileType = sourcecode.c.objc; path = L2PConnector.m; sourceTree = "<group>"; };
		3553D4D0191A862E0024CA89 /* L2PConfig.plist */ = {isa = PBXFileReference; fileEncoding = 4; lastKnownFileType = text.plist.xml; path = L2PConfig.plist; sourceTree = "<group>"; };
/* End PBXFileReference section */

/* Begin PBXFrameworksBuildPhase section */
		3553D48D191A735C0024CA89 /* Frameworks */ = {
			isa = PBXFrameworksBuildPhase;
			buildActionMask = 2147483647;
			files = (
				3553D496191A735C0024CA89 /* CoreGraphics.framework in Frameworks */,
				3553D498191A735C0024CA89 /* UIKit.framework in Frameworks */,
				3553D494191A735C0024CA89 /* Foundation.framework in Frameworks */,
			);
			runOnlyForDeploymentPostprocessing = 0;
		};
		3553D4B1191A735C0024CA89 /* Frameworks */ = {
			isa = PBXFrameworksBuildPhase;
			buildActionMask = 2147483647;
			files = (
				3553D4B6191A735C0024CA89 /* XCTest.framework in Frameworks */,
				3553D4B8191A735C0024CA89 /* UIKit.framework in Frameworks */,
				3553D4B7191A735C0024CA89 /* Foundation.framework in Frameworks */,
			);
			runOnlyForDeploymentPostprocessing = 0;
		};
/* End PBXFrameworksBuildPhase section */

/* Begin PBXGroup section */
		3553D487191A735C0024CA89 = {
			isa = PBXGroup;
			children = (
				3553D499191A735C0024CA89 /* MCP-A03 */,
				3553D4BB191A735C0024CA89 /* MCP-A03Tests */,
				3553D492191A735C0024CA89 /* Frameworks */,
				3553D491191A735C0024CA89 /* Products */,
			);
			sourceTree = "<group>";
		};
		3553D491191A735C0024CA89 /* Products */ = {
			isa = PBXGroup;
			children = (
				3553D490191A735C0024CA89 /* MCP-A03.app */,
				3553D4B4191A735C0024CA89 /* MCP-A03Tests.xctest */,
			);
			name = Products;
			sourceTree = "<group>";
		};
		3553D492191A735C0024CA89 /* Frameworks */ = {
			isa = PBXGroup;
			children = (
				3553D493191A735C0024CA89 /* Foundation.framework */,
				3553D495191A735C0024CA89 /* CoreGraphics.framework */,
				3553D497191A735C0024CA89 /* UIKit.framework */,
				3553D4B5191A735C0024CA89 /* XCTest.framework */,
			);
			name = Frameworks;
			sourceTree = "<group>";
		};
		3553D499191A735C0024CA89 /* MCP-A03 */ = {
			isa = PBXGroup;
			children = (
				3553D4A2191A735C0024CA89 /* AppDelegate.h */,
				3553D4A3191A735C0024CA89 /* AppDelegate.m */,
				3553D4A5191A735C0024CA89 /* Main.storyboard */,
				3553D4CD191A7C410024CA89 /* L2PConnector.h */,
				3553D4CE191A7C410024CA89 /* L2PConnector.m */,
				3553D4A8191A735C0024CA89 /* LoginViewController.h */,
				3553D4A9191A735C0024CA89 /* LoginViewController.m */,
				3553D4AB191A735C0024CA89 /* SecondViewController.h */,
				3553D4AC191A735C0024CA89 /* SecondViewController.m */,
				3553D4AE191A735C0024CA89 /* Images.xcassets */,
				3553D49A191A735C0024CA89 /* Supporting Files */,
			);
			path = "MCP-A03";
			sourceTree = "<group>";
		};
		3553D49A191A735C0024CA89 /* Supporting Files */ = {
			isa = PBXGroup;
			children = (
				3553D49B191A735C0024CA89 /* MCP-A03-Info.plist */,
				3553D49C191A735C0024CA89 /* InfoPlist.strings */,
				3553D49F191A735C0024CA89 /* main.m */,
				3553D4A1191A735C0024CA89 /* MCP-A03-Prefix.pch */,
				3553D4D0191A862E0024CA89 /* L2PConfig.plist */,
			);
			name = "Supporting Files";
			sourceTree = "<group>";
		};
		3553D4BB191A735C0024CA89 /* MCP-A03Tests */ = {
			isa = PBXGroup;
			children = (
				3553D4C1191A735C0024CA89 /* MCP_A03Tests.m */,
				3553D4BC191A735C0024CA89 /* Supporting Files */,
			);
			path = "MCP-A03Tests";
			sourceTree = "<group>";
		};
		3553D4BC191A735C0024CA89 /* Supporting Files */ = {
			isa = PBXGroup;
			children = (
				3553D4BD191A735C0024CA89 /* MCP-A03Tests-Info.plist */,
				3553D4BE191A735C0024CA89 /* InfoPlist.strings */,
			);
			name = "Supporting Files";
			sourceTree = "<group>";
		};
/* End PBXGroup section */

/* Begin PBXNativeTarget section */
		3553D48F191A735C0024CA89 /* MCP-A03 */ = {
			isa = PBXNativeTarget;
			buildConfigurationList = 3553D4C5191A735C0024CA89 /* Build configuration list for PBXNativeTarget "MCP-A03" */;
			buildPhases = (
				3553D48C191A735C0024CA89 /* Sources */,
				3553D48D191A735C0024CA89 /* Frameworks */,
				3553D48E191A735C0024CA89 /* Resources */,
			);
			buildRules = (
			);
			dependencies = (
			);
			name = "MCP-A03";
			productName = "MCP-A03";
			productReference = 3553D490191A735C0024CA89 /* MCP-A03.app */;
			productType = "com.apple.product-type.application";
		};
		3553D4B3191A735C0024CA89 /* MCP-A03Tests */ = {
			isa = PBXNativeTarget;
			buildConfigurationList = 3553D4C8191A735C0024CA89 /* Build configuration list for PBXNativeTarget "MCP-A03Tests" */;
			buildPhases = (
				3553D4B0191A735C0024CA89 /* Sources */,
				3553D4B1191A735C0024CA89 /* Frameworks */,
				3553D4B2191A735C0024CA89 /* Resources */,
			);
			buildRules = (
			);
			dependencies = (
				3553D4BA191A735C0024CA89 /* PBXTargetDependency */,
			);
			name = "MCP-A03Tests";
			productName = "MCP-A03Tests";
			productReference = 3553D4B4191A735C0024CA89 /* MCP-A03Tests.xctest */;
			productType = "com.apple.product-type.bundle.unit-test";
		};
/* End PBXNativeTarget section */

/* Begin PBXProject section */
		3553D488191A735C0024CA89 /* Project object */ = {
			isa = PBXProject;
			attributes = {
				LastUpgradeCheck = 0510;
				ORGANIZATIONNAME = "Giorgio Pretto - Devashish Jasani - Kamalika Dutta";
				TargetAttributes = {
					3553D4B3191A735C0024CA89 = {
						TestTargetID = 3553D48F191A735C0024CA89;
					};
				};
			};
			buildConfigurationList = 3553D48B191A735C0024CA89 /* Build configuration list for PBXProject "MCP-A03" */;
			compatibilityVersion = "Xcode 3.2";
			developmentRegion = English;
			hasScannedForEncodings = 0;
			knownRegions = (
				en,
				Base,
			);
			mainGroup = 3553D487191A735C0024CA89;
			productRefGroup = 3553D491191A735C0024CA89 /* Products */;
			projectDirPath = "";
			projectRoot = "";
			targets = (
				3553D48F191A735C0024CA89 /* MCP-A03 */,
				3553D4B3191A735C0024CA89 /* MCP-A03Tests */,
			);
		};
/* End PBXProject section */

/* Begin PBXResourcesBuildPhase section */
		3553D48E191A735C0024CA89 /* Resources */ = {
			isa = PBXResourcesBuildPhase;
			buildActionMask = 2147483647;
			files = (
				3553D4AF191A735C0024CA89 /* Images.xcassets in Resources */,
				3553D49E191A735C0024CA89 /* InfoPlist.strings in Resources */,
				3553D4D1191A862E0024CA89 /* L2PConfig.plist in Resources */,
				3553D4A7191A735C0024CA89 /* Main.storyboard in Resources */,
			);
			runOnlyForDeploymentPostprocessing = 0;
		};
		3553D4B2191A735C0024CA89 /* Resources */ = {
			isa = PBXResourcesBuildPhase;
			buildActionMask = 2147483647;
			files = (
				3553D4C0191A735C0024CA89 /* InfoPlist.strings in Resources */,
			);
			runOnlyForDeploymentPostprocessing = 0;
		};
/* End PBXResourcesBuildPhase section */

/* Begin PBXSourcesBuildPhase section */
		3553D48C191A735C0024CA89 /* Sources */ = {
			isa = PBXSourcesBuildPhase;
			buildActionMask = 2147483647;
			files = (
				3553D4AD191A735C0024CA89 /* SecondViewController.m in Sources */,
				3553D4A4191A735C0024CA89 /* AppDelegate.m in Sources */,
				3553D4AA191A735C0024CA89 /* LoginViewController.m in Sources */,
				3553D4A0191A735C0024CA89 /* main.m in Sources */,
				3553D4CF191A7C410024CA89 /* L2PConnector.m in Sources */,
			);
			runOnlyForDeploymentPostprocessing = 0;
		};
		3553D4B0191A735C0024CA89 /* Sources */ = {
			isa = PBXSourcesBuildPhase;
			buildActionMask = 2147483647;
			files = (
				3553D4C2191A735C0024CA89 /* MCP_A03Tests.m in Sources */,
			);
			runOnlyForDeploymentPostprocessing = 0;
		};
/* End PBXSourcesBuildPhase section */

/* Begin PBXTargetDependency section */
		3553D4BA191A735C0024CA89 /* PBXTargetDependency */ = {
			isa = PBXTargetDependency;
			target = 3553D48F191A735C0024CA89 /* MCP-A03 */;
			targetProxy = 3553D4B9191A735C0024CA89 /* PBXContainerItemProxy */;
		};
/* End PBXTargetDependency section */

/* Begin PBXVariantGroup section */
		3553D49C191A735C0024CA89 /* InfoPlist.strings */ = {
			isa = PBXVariantGroup;
			children = (
				3553D49D191A735C0024CA89 /* en */,
			);
			name = InfoPlist.strings;
			sourceTree = "<group>";
		};
		3553D4A5191A735C0024CA89 /* Main.storyboard */ = {
			isa = PBXVariantGroup;
			children = (
				3553D4A6191A735C0024CA89 /* Base */,
			);
			name = Main.storyboard;
			sourceTree = "<group>";
		};
		3553D4BE191A735C0024CA89 /* InfoPlist.strings */ = {
			isa = PBXVariantGroup;
			children = (
				3553D4BF191A735C0024CA89 /* en */,
			);
			name = InfoPlist.strings;
			sourceTree = "<group>";
		};
/* End PBXVariantGroup section */

/* Begin XCBuildConfiguration section */
		3553D4C3191A735C0024CA89 /* Debug */ = {
			isa = XCBuildConfiguration;
			buildSettings = {
				ALWAYS_SEARCH_USER_PATHS = NO;
				CLANG_CXX_LANGUAGE_STANDARD = "gnu++0x";
				CLANG_CXX_LIBRARY = "libc++";
				CLANG_ENABLE_MODULES = YES;
				CLANG_ENABLE_OBJC_ARC = YES;
				CLANG_WARN_BOOL_CONVERSION = YES;
				CLANG_WARN_CONSTANT_CONVERSION = YES;
				CLANG_WARN_DIRECT_OBJC_ISA_USAGE = YES_ERROR;
				CLANG_WARN_EMPTY_BODY = YES;
				CLANG_WARN_ENUM_CONVERSION = YES;
				CLANG_WARN_INT_CONVERSION = YES;
				CLANG_WARN_OBJC_ROOT_CLASS = YES_ERROR;
				CLANG_WARN__DUPLICATE_METHOD_MATCH = YES;
				"CODE_SIGN_IDENTITY[sdk=iphoneos*]" = "iPhone Developer";
				COPY_PHASE_STRIP = NO;
				GCC_C_LANGUAGE_STANDARD = gnu99;
				GCC_DYNAMIC_NO_PIC = NO;
				GCC_OPTIMIZATION_LEVEL = 0;
				GCC_PREPROCESSOR_DEFINITIONS = (
					"DEBUG=1",
					"$(inherited)",
				);
				GCC_SYMBOLS_PRIVATE_EXTERN = NO;
				GCC_WARN_64_TO_32_BIT_CONVERSION = YES;
				GCC_WARN_ABOUT_RETURN_TYPE = YES_ERROR;
				GCC_WARN_UNDECLARED_SELECTOR = YES;
				GCC_WARN_UNINITIALIZED_AUTOS = YES_AGGRESSIVE;
				GCC_WARN_UNUSED_FUNCTION = YES;
				GCC_WARN_UNUSED_VARIABLE = YES;
				IPHONEOS_DEPLOYMENT_TARGET = 7.1;
				ONLY_ACTIVE_ARCH = YES;
				SDKROOT = iphoneos;
			};
			name = Debug;
		};
		3553D4C4191A735C0024CA89 /* Release */ = {
			isa = XCBuildConfiguration;
			buildSettings = {
				ALWAYS_SEARCH_USER_PATHS = NO;
				CLANG_CXX_LANGUAGE_STANDARD = "gnu++0x";
				CLANG_CXX_LIBRARY = "libc++";
				CLANG_ENABLE_MODULES = YES;
				CLANG_ENABLE_OBJC_ARC = YES;
				CLANG_WARN_BOOL_CONVERSION = YES;
				CLANG_WARN_CONSTANT_CONVERSION = YES;
				CLANG_WARN_DIRECT_OBJC_ISA_USAGE = YES_ERROR;
				CLANG_WARN_EMPTY_BODY = YES;
				CLANG_WARN_ENUM_CONVERSION = YES;
				CLANG_WARN_INT_CONVERSION = YES;
				CLANG_WARN_OBJC_ROOT_CLASS = YES_ERROR;
				CLANG_WARN__DUPLICATE_METHOD_MATCH = YES;
				"CODE_SIGN_IDENTITY[sdk=iphoneos*]" = "iPhone Developer";
				COPY_PHASE_STRIP = YES;
				ENABLE_NS_ASSERTIONS = NO;
				GCC_C_LANGUAGE_STANDARD = gnu99;
				GCC_WARN_64_TO_32_BIT_CONVERSION = YES;
				GCC_WARN_ABOUT_RETURN_TYPE = YES_ERROR;
				GCC_WARN_UNDECLARED_SELECTOR = YES;
				GCC_WARN_UNINITIALIZED_AUTOS = YES_AGGRESSIVE;
				GCC_WARN_UNUSED_FUNCTION = YES;
				GCC_WARN_UNUSED_VARIABLE = YES;
				IPHONEOS_DEPLOYMENT_TARGET = 7.1;
				SDKROOT = iphoneos;
				VALIDATE_PRODUCT = YES;
			};
			name = Release;
		};
		3553D4C6191A735C0024CA89 /* Debug */ = {
			isa = XCBuildConfiguration;
			buildSettings = {
				ASSETCATALOG_COMPILER_APPICON_NAME = AppIcon;
				ASSETCATALOG_COMPILER_LAUNCHIMAGE_NAME = LaunchImage;
				CLANG_ENABLE_MODULES = NO;
				GCC_PRECOMPILE_PREFIX_HEADER = YES;
				GCC_PREFIX_HEADER = "MCP-A03/MCP-A03-Prefix.pch";
				INFOPLIST_FILE = "MCP-A03/MCP-A03-Info.plist";
				PRODUCT_NAME = "$(TARGET_NAME)";
				WRAPPER_EXTENSION = app;
			};
			name = Debug;
		};
		3553D4C7191A735C0024CA89 /* Release */ = {
			isa = XCBuildConfiguration;
			buildSettings = {
				ASSETCATALOG_COMPILER_APPICON_NAME = AppIcon;
				ASSETCATALOG_COMPILER_LAUNCHIMAGE_NAME = LaunchImage;
				CLANG_ENABLE_MODULES = NO;
				GCC_PRECOMPILE_PREFIX_HEADER = YES;
				GCC_PREFIX_HEADER = "MCP-A03/MCP-A03-Prefix.pch";
				INFOPLIST_FILE = "MCP-A03/MCP-A03-Info.plist";
				PRODUCT_NAME = "$(TARGET_NAME)";
				WRAPPER_EXTENSION = app;
			};
			name = Release;
		};
		3553D4C9191A735C0024CA89 /* Debug */ = {
			isa = XCBuildConfiguration;
			buildSettings = {
				BUNDLE_LOADER = "$(BUILT_PRODUCTS_DIR)/MCP-A03.app/MCP-A03";
				FRAMEWORK_SEARCH_PATHS = (
					"$(SDKROOT)/Developer/Library/Frameworks",
					"$(inherited)",
					"$(DEVELOPER_FRAMEWORKS_DIR)",
				);
				GCC_PRECOMPILE_PREFIX_HEADER = YES;
				GCC_PREFIX_HEADER = "MCP-A03/MCP-A03-Prefix.pch";
				GCC_PREPROCESSOR_DEFINITIONS = (
					"DEBUG=1",
					"$(inherited)",
				);
				INFOPLIST_FILE = "MCP-A03Tests/MCP-A03Tests-Info.plist";
				PRODUCT_NAME = "$(TARGET_NAME)";
				TEST_HOST = "$(BUNDLE_LOADER)";
				WRAPPER_EXTENSION = xctest;
			};
			name = Debug;
		};
		3553D4CA191A735C0024CA89 /* Release */ = {
			isa = XCBuildConfiguration;
			buildSettings = {
				BUNDLE_LOADER = "$(BUILT_PRODUCTS_DIR)/MCP-A03.app/MCP-A03";
				FRAMEWORK_SEARCH_PATHS = (
					"$(SDKROOT)/Developer/Library/Frameworks",
					"$(inherited)",
					"$(DEVELOPER_FRAMEWORKS_DIR)",
				);
				GCC_PRECOMPILE_PREFIX_HEADER = YES;
				GCC_PREFIX_HEADER = "MCP-A03/MCP-A03-Prefix.pch";
				INFOPLIST_FILE = "MCP-A03Tests/MCP-A03Tests-Info.plist";
				PRODUCT_NAME = "$(TARGET_NAME)";
				TEST_HOST = "$(BUNDLE_LOADER)";
				WRAPPER_EXTENSION = xctest;
			};
			name = Release;
		};
/* End XCBuildConfiguration section */

/* Begin XCConfigurationList section */
		3553D48B191A735C0024CA89 /* Build configuration list for PBXProject "MCP-A03" */ = {
			isa = XCConfigurationList;
			buildConfigurations = (
				3553D4C3191A735C0024CA89 /* Debug */,
				3553D4C4191A735C0024CA89 /* Release */,
			);
			defaultConfigurationIsVisible = 0;
			defaultConfigurationName = Release;
		};
		3553D4C5191A735C0024CA89 /* Build configuration list for PBXNativeTarget "MCP-A03" */ = {
			isa = XCConfigurationList;
			buildConfigurations = (
				3553D4C6191A735C0024CA89 /* Debug */,
				3553D4C7191A735C0024CA89 /* Release */,
			);
			defaultConfigurationIsVisible = 0;
		};
		3553D4C8191A735C0024CA89 /* Build configuration list for PBXNativeTarget "MCP-A03Tests" */ = {
			isa = XCConfigurationList;
			buildConfigurations = (
				3553D4C9191A735C0024CA89 /* Debug */,
				3553D4CA191A735C0024CA89 /* Release */,
			);
			defaultConfigurationIsVisible = 0;
		};
/* End XCConfigurationList section */
	};
	rootObject = 3553D488191A735C0024CA89 /* Project object */;
}
